// !$*UTF8*$!
{
	archiveVersion = 1;
	classes = {
	};
	objectVersion = 56;
	objects = {

/* Begin PBXBuildFile section */
		B734ED6A2912961A00870433 /* Contants.swift in Sources */ = {isa = PBXBuildFile; fileRef = B734ED692912961A00870433 /* Contants.swift */; };
		B734ED6C291296FC00870433 /* SerieManager.swift in Sources */ = {isa = PBXBuildFile; fileRef = B734ED6B291296FC00870433 /* SerieManager.swift */; };
		B782B20829114940007A3F86 /* AppDelegate.swift in Sources */ = {isa = PBXBuildFile; fileRef = B782B20729114940007A3F86 /* AppDelegate.swift */; };
		B782B20A29114940007A3F86 /* SceneDelegate.swift in Sources */ = {isa = PBXBuildFile; fileRef = B782B20929114940007A3F86 /* SceneDelegate.swift */; };
		B782B20C29114940007A3F86 /* ViewController.swift in Sources */ = {isa = PBXBuildFile; fileRef = B782B20B29114940007A3F86 /* ViewController.swift */; };
		B782B20F29114940007A3F86 /* Main.storyboard in Resources */ = {isa = PBXBuildFile; fileRef = B782B20D29114940007A3F86 /* Main.storyboard */; };
		B782B21129114945007A3F86 /* Assets.xcassets in Resources */ = {isa = PBXBuildFile; fileRef = B782B21029114945007A3F86 /* Assets.xcassets */; };
		B782B21429114945007A3F86 /* LaunchScreen.storyboard in Resources */ = {isa = PBXBuildFile; fileRef = B782B21229114945007A3F86 /* LaunchScreen.storyboard */; };
		B782B23D29116E1E007A3F86 /* SerieCell.swift in Sources */ = {isa = PBXBuildFile; fileRef = B782B23B29116E1E007A3F86 /* SerieCell.swift */; };
		B782B23E29116E1E007A3F86 /* SerieCell.xib in Resources */ = {isa = PBXBuildFile; fileRef = B782B23C29116E1E007A3F86 /* SerieCell.xib */; };
/* End PBXBuildFile section */

/* Begin PBXFileReference section */
		B734ED692912961A00870433 /* Contants.swift */ = {isa = PBXFileReference; lastKnownFileType = sourcecode.swift; path = Contants.swift; sourceTree = "<group>"; };
		B734ED6B291296FC00870433 /* SerieManager.swift */ = {isa = PBXFileReference; lastKnownFileType = sourcecode.swift; path = SerieManager.swift; sourceTree = "<group>"; };
		B782B20429114940007A3F86 /* wikiAnime.app */ = {isa = PBXFileReference; explicitFileType = wrapper.application; includeInIndex = 0; path = wikiAnime.app; sourceTree = BUILT_PRODUCTS_DIR; };
		B782B20729114940007A3F86 /* AppDelegate.swift */ = {isa = PBXFileReference; lastKnownFileType = sourcecode.swift; path = AppDelegate.swift; sourceTree = "<group>"; };
		B782B20929114940007A3F86 /* SceneDelegate.swift */ = {isa = PBXFileReference; lastKnownFileType = sourcecode.swift; path = SceneDelegate.swift; sourceTree = "<group>"; };
		B782B20B29114940007A3F86 /* ViewController.swift */ = {isa = PBXFileReference; lastKnownFileType = sourcecode.swift; path = ViewController.swift; sourceTree = "<group>"; };
		B782B20E29114940007A3F86 /* Base */ = {isa = PBXFileReference; lastKnownFileType = file.storyboard; name = Base; path = Base.lproj/Main.storyboard; sourceTree = "<group>"; };
		B782B21029114945007A3F86 /* Assets.xcassets */ = {isa = PBXFileReference; lastKnownFileType = folder.assetcatalog; path = Assets.xcassets; sourceTree = "<group>"; };
		B782B21329114945007A3F86 /* Base */ = {isa = PBXFileReference; lastKnownFileType = file.storyboard; name = Base; path = Base.lproj/LaunchScreen.storyboard; sourceTree = "<group>"; };
		B782B21529114945007A3F86 /* Info.plist */ = {isa = PBXFileReference; lastKnownFileType = text.plist.xml; path = Info.plist; sourceTree = "<group>"; };
		B782B23B29116E1E007A3F86 /* SerieCell.swift */ = {isa = PBXFileReference; lastKnownFileType = sourcecode.swift; path = SerieCell.swift; sourceTree = "<group>"; };
		B782B23C29116E1E007A3F86 /* SerieCell.xib */ = {isa = PBXFileReference; lastKnownFileType = file.xib; path = SerieCell.xib; sourceTree = "<group>"; };
/* End PBXFileReference section */

/* Begin PBXFrameworksBuildPhase section */
		B782B20129114940007A3F86 /* Frameworks */ = {
			isa = PBXFrameworksBuildPhase;
			buildActionMask = 2147483647;
			files = (
			);
			runOnlyForDeploymentPostprocessing = 0;
		};
/* End PBXFrameworksBuildPhase section */

/* Begin PBXGroup section */
		B734ED662912928E00870433 /* Controller */ = {
			isa = PBXGroup;
			children = (
				B782B20B29114940007A3F86 /* ViewController.swift */,
			);
			path = Controller;
			sourceTree = "<group>";
		};
		B734ED67291292B600870433 /* View */ = {
			isa = PBXGroup;
			children = (
				B782B20D29114940007A3F86 /* Main.storyboard */,
				B782B23B29116E1E007A3F86 /* SerieCell.swift */,
				B782B23C29116E1E007A3F86 /* SerieCell.xib */,
			);
			path = View;
			sourceTree = "<group>";
		};
		B734ED68291292D900870433 /* Model */ = {
			isa = PBXGroup;
			children = (
				B734ED692912961A00870433 /* Contants.swift */,
				B734ED6B291296FC00870433 /* SerieManager.swift */,
			);
			path = Model;
			sourceTree = "<group>";
		};
		B782B1FB2911493F007A3F86 = {
			isa = PBXGroup;
			children = (
				B782B20629114940007A3F86 /* wikiAnime */,
				B782B20529114940007A3F86 /* Products */,
			);
			sourceTree = "<group>";
		};
		B782B20529114940007A3F86 /* Products */ = {
			isa = PBXGroup;
			children = (
				B782B20429114940007A3F86 /* wikiAnime.app */,
			);
			name = Products;
			sourceTree = "<group>";
		};
		B782B20629114940007A3F86 /* wikiAnime */ = {
			isa = PBXGroup;
			children = (
				B782B20729114940007A3F86 /* AppDelegate.swift */,
				B782B20929114940007A3F86 /* SceneDelegate.swift */,
				B734ED68291292D900870433 /* Model */,
				B734ED67291292B600870433 /* View */,
				B734ED662912928E00870433 /* Controller */,
				B782B21029114945007A3F86 /* Assets.xcassets */,
				B782B21229114945007A3F86 /* LaunchScreen.storyboard */,
				B782B21529114945007A3F86 /* Info.plist */,
			);
			path = wikiAnime;
			sourceTree = "<group>";
		};
/* End PBXGroup section */

/* Begin PBXNativeTarget section */
		B782B20329114940007A3F86 /* wikiAnime */ = {
			isa = PBXNativeTarget;
			buildConfigurationList = B782B21829114945007A3F86 /* Build configuration list for PBXNativeTarget "wikiAnime" */;
			buildPhases = (
				B782B20029114940007A3F86 /* Sources */,
				B782B20129114940007A3F86 /* Frameworks */,
				B782B20229114940007A3F86 /* Resources */,
			);
			buildRules = (
			);
			dependencies = (
			);
			name = wikiAnime;
			productName = wikiAnime;
			productReference = B782B20429114940007A3F86 /* wikiAnime.app */;
			productType = "com.apple.product-type.application";
		};
/* End PBXNativeTarget section */

/* Begin PBXProject section */
		B782B1FC2911493F007A3F86 /* Project object */ = {
			isa = PBXProject;
			attributes = {
				BuildIndependentTargetsInParallel = 1;
				LastSwiftUpdateCheck = 1400;
				LastUpgradeCheck = 1400;
				TargetAttributes = {
					B782B20329114940007A3F86 = {
						CreatedOnToolsVersion = 14.0.1;
					};
				};
			};
			buildConfigurationList = B782B1FF2911493F007A3F86 /* Build configuration list for PBXProject "wikiAnime" */;
			compatibilityVersion = "Xcode 14.0";
			developmentRegion = en;
			hasScannedForEncodings = 0;
			knownRegions = (
				en,
				Base,
			);
			mainGroup = B782B1FB2911493F007A3F86;
			productRefGroup = B782B20529114940007A3F86 /* Products */;
			projectDirPath = "";
			projectRoot = "";
			targets = (
				B782B20329114940007A3F86 /* wikiAnime */,
			);
		};
/* End PBXProject section */

/* Begin PBXResourcesBuildPhase section */
		B782B20229114940007A3F86 /* Resources */ = {
			isa = PBXResourcesBuildPhase;
			buildActionMask = 2147483647;
			files = (
				B782B21429114945007A3F86 /* LaunchScreen.storyboard in Resources */,
				B782B21129114945007A3F86 /* Assets.xcassets in Resources */,
				B782B23E29116E1E007A3F86 /* SerieCell.xib in Resources */,
				B782B20F29114940007A3F86 /* Main.storyboard in Resources */,
			);
			runOnlyForDeploymentPostprocessing = 0;
		};
/* End PBXResourcesBuildPhase section */

/* Begin PBXSourcesBuildPhase section */
		B782B20029114940007A3F86 /* Sources */ = {
			isa = PBXSourcesBuildPhase;
			buildActionMask = 2147483647;
			files = (
				B734ED6C291296FC00870433 /* SerieManager.swift in Sources */,
				B782B20C29114940007A3F86 /* ViewController.swift in Sources */,
				B782B20829114940007A3F86 /* AppDelegate.swift in Sources */,
				B734ED6A2912961A00870433 /* Contants.swift in Sources */,
				B782B23D29116E1E007A3F86 /* SerieCell.swift in Sources */,
				B782B20A29114940007A3F86 /* SceneDelegate.swift in Sources */,
			);
			runOnlyForDeploymentPostprocessing = 0;
		};
/* End PBXSourcesBuildPhase section */

/* Begin PBXVariantGroup section */
		B782B20D29114940007A3F86 /* Main.storyboard */ = {
			isa = PBXVariantGroup;
			children = (
				B782B20E29114940007A3F86 /* Base */,
			);
			name = Main.storyboard;
			sourceTree = "<group>";
		};
		B782B21229114945007A3F86 /* LaunchScreen.storyboard */ = {
			isa = PBXVariantGroup;
			children = (
				B782B21329114945007A3F86 /* Base */,
			);
			name = LaunchScreen.storyboard;
			sourceTree = "<group>";
		};
/* End PBXVariantGroup section */

/* Begin XCBuildConfiguration section */
		B782B21629114945007A3F86 /* Debug */ = {
			isa = XCBuildConfiguration;
			buildSettings = {
				ALWAYS_SEARCH_USER_PATHS = NO;
				CLANG_ANALYZER_NONNULL = YES;
				CLANG_ANALYZER_NUMBER_OBJECT_CONVERSION = YES_AGGRESSIVE;
				CLANG_CXX_LANGUAGE_STANDARD = "gnu++20";
				CLANG_ENABLE_MODULES = YES;
				CLANG_ENABLE_OBJC_ARC = YES;
				CLANG_ENABLE_OBJC_WEAK = YES;
				CLANG_WARN_BLOCK_CAPTURE_AUTORELEASING = YES;
				CLANG_WARN_BOOL_CONVERSION = YES;
				CLANG_WARN_COMMA = YES;
				CLANG_WARN_CONSTANT_CONVERSION = YES;
				CLANG_WARN_DEPRECATED_OBJC_IMPLEMENTATIONS = YES;
				CLANG_WARN_DIRECT_OBJC_ISA_USAGE = YES_ERROR;
				CLANG_WARN_DOCUMENTATION_COMMENTS = YES;
				CLANG_WARN_EMPTY_BODY = YES;
				CLANG_WARN_ENUM_CONVERSION = YES;
				CLANG_WARN_INFINITE_RECURSION = YES;
				CLANG_WARN_INT_CONVERSION = YES;
				CLANG_WARN_NON_LITERAL_NULL_CONVERSION = YES;
				CLANG_WARN_OBJC_IMPLICIT_RETAIN_SELF = YES;
				CLANG_WARN_OBJC_LITERAL_CONVERSION = YES;
				CLANG_WARN_OBJC_ROOT_CLASS = YES_ERROR;
				CLANG_WARN_QUOTED_INCLUDE_IN_FRAMEWORK_HEADER = YES;
				CLANG_WARN_RANGE_LOOP_ANALYSIS = YES;
				CLANG_WARN_STRICT_PROTOTYPES = YES;
				CLANG_WARN_SUSPICIOUS_MOVE = YES;
				CLANG_WARN_UNGUARDED_AVAILABILITY = YES_AGGRESSIVE;
				CLANG_WARN_UNREACHABLE_CODE = YES;
				CLANG_WARN__DUPLICATE_METHOD_MATCH = YES;
				COPY_PHASE_STRIP = NO;
				DEBUG_INFORMATION_FORMAT = dwarf;
				ENABLE_STRICT_OBJC_MSGSEND = YES;
				ENABLE_TESTABILITY = YES;
				GCC_C_LANGUAGE_STANDARD = gnu11;
				GCC_DYNAMIC_NO_PIC = NO;
				GCC_NO_COMMON_BLOCKS = YES;
				GCC_OPTIMIZATION_LEVEL = 0;
				GCC_PREPROCESSOR_DEFINITIONS = (
					"DEBUG=1",
					"$(inherited)",
				);
				GCC_WARN_64_TO_32_BIT_CONVERSION = YES;
				GCC_WARN_ABOUT_RETURN_TYPE = YES_ERROR;
				GCC_WARN_UNDECLARED_SELECTOR = YES;
				GCC_WARN_UNINITIALIZED_AUTOS = YES_AGGRESSIVE;
				GCC_WARN_UNUSED_FUNCTION = YES;
				GCC_WARN_UNUSED_VARIABLE = YES;
				IPHONEOS_DEPLOYMENT_TARGET = 16.0;
				MTL_ENABLE_DEBUG_INFO = INCLUDE_SOURCE;
				MTL_FAST_MATH = YES;
				ONLY_ACTIVE_ARCH = YES;
				SDKROOT = iphoneos;
				SWIFT_ACTIVE_COMPILATION_CONDITIONS = DEBUG;
				SWIFT_OPTIMIZATION_LEVEL = "-Onone";
			};
			name = Debug;
		};
		B782B21729114945007A3F86 /* Release */ = {
			isa = XCBuildConfiguration;
			buildSettings = {
				ALWAYS_SEARCH_USER_PATHS = NO;
				CLANG_ANALYZER_NONNULL = YES;
				CLANG_ANALYZER_NUMBER_OBJECT_CONVERSION = YES_AGGRESSIVE;
				CLANG_CXX_LANGUAGE_STANDARD = "gnu++20";
				CLANG_ENABLE_MODULES = YES;
				CLANG_ENABLE_OBJC_ARC = YES;
				CLANG_ENABLE_OBJC_WEAK = YES;
				CLANG_WARN_BLOCK_CAPTURE_AUTORELEASING = YES;
				CLANG_WARN_BOOL_CONVERSION = YES;
				CLANG_WARN_COMMA = YES;
				CLANG_WARN_CONSTANT_CONVERSION = YES;
				CLANG_WARN_DEPRECATED_OBJC_IMPLEMENTATIONS = YES;
				CLANG_WARN_DIRECT_OBJC_ISA_USAGE = YES_ERROR;
				CLANG_WARN_DOCUMENTATION_COMMENTS = YES;
				CLANG_WARN_EMPTY_BODY = YES;
				CLANG_WARN_ENUM_CONVERSION = YES;
				CLANG_WARN_INFINITE_RECURSION = YES;
				CLANG_WARN_INT_CONVERSION = YES;
				CLANG_WARN_NON_LITERAL_NULL_CONVERSION = YES;
				CLANG_WARN_OBJC_IMPLICIT_RETAIN_SELF = YES;
				CLANG_WARN_OBJC_LITERAL_CONVERSION = YES;
				CLANG_WARN_OBJC_ROOT_CLASS = YES_ERROR;
				CLANG_WARN_QUOTED_INCLUDE_IN_FRAMEWORK_HEADER = YES;
				CLANG_WARN_RANGE_LOOP_ANALYSIS = YES;
				CLANG_WARN_STRICT_PROTOTYPES = YES;
				CLANG_WARN_SUSPICIOUS_MOVE = YES;
				CLANG_WARN_UNGUARDED_AVAILABILITY = YES_AGGRESSIVE;
				CLANG_WARN_UNREACHABLE_CODE = YES;
				CLANG_WARN__DUPLICATE_METHOD_MATCH = YES;
				COPY_PHASE_STRIP = NO;
				DEBUG_INFORMATION_FORMAT = "dwarf-with-dsym";
				ENABLE_NS_ASSERTIONS = NO;
				ENABLE_STRICT_OBJC_MSGSEND = YES;
				GCC_C_LANGUAGE_STANDARD = gnu11;
				GCC_NO_COMMON_BLOCKS = YES;
				GCC_WARN_64_TO_32_BIT_CONVERSION = YES;
				GCC_WARN_ABOUT_RETURN_TYPE = YES_ERROR;
				GCC_WARN_UNDECLARED_SELECTOR = YES;
				GCC_WARN_UNINITIALIZED_AUTOS = YES_AGGRESSIVE;
				GCC_WARN_UNUSED_FUNCTION = YES;
				GCC_WARN_UNUSED_VARIABLE = YES;
				IPHONEOS_DEPLOYMENT_TARGET = 16.0;
				MTL_ENABLE_DEBUG_INFO = NO;
				MTL_FAST_MATH = YES;
				SDKROOT = iphoneos;
				SWIFT_COMPILATION_MODE = wholemodule;
				SWIFT_OPTIMIZATION_LEVEL = "-O";
				VALIDATE_PRODUCT = YES;
			};
			name = Release;
		};
		B782B21929114945007A3F86 /* Debug */ = {
			isa = XCBuildConfiguration;
			buildSettings = {
				ASSETCATALOG_COMPILER_APPICON_NAME = AppIcon;
				ASSETCATALOG_COMPILER_GLOBAL_ACCENT_COLOR_NAME = AccentColor;
				CODE_SIGN_STYLE = Automatic;
				CURRENT_PROJECT_VERSION = 1;
				GENERATE_INFOPLIST_FILE = YES;
				INFOPLIST_FILE = wikiAnime/Info.plist;
				INFOPLIST_KEY_CFBundleDisplayName = "Wiki Anime";
				INFOPLIST_KEY_UIApplicationSupportsIndirectInputEvents = YES;
				INFOPLIST_KEY_UILaunchStoryboardName = LaunchScreen;
				INFOPLIST_KEY_UIMainStoryboardFile = Main;
				INFOPLIST_KEY_UISupportedInterfaceOrientations_iPad = "UIInterfaceOrientationPortrait UIInterfaceOrientationPortraitUpsideDown UIInterfaceOrientationLandscapeLeft UIInterfaceOrientationLandscapeRight";
				INFOPLIST_KEY_UISupportedInterfaceOrientations_iPhone = "UIInterfaceOrientationPortrait UIInterfaceOrientationLandscapeLeft UIInterfaceOrientationLandscapeRight";
				IPHONEOS_DEPLOYMENT_TARGET = 15.0;
				LD_RUNPATH_SEARCH_PATHS = (
					"$(inherited)",
					"@executable_path/Frameworks",
				);
				MARKETING_VERSION = 1.0;
				PRODUCT_BUNDLE_IDENTIFIER = com.sebas.wikiAnime;
				PRODUCT_NAME = "$(TARGET_NAME)";
				SWIFT_EMIT_LOC_STRINGS = YES;
				SWIFT_VERSION = 5.0;
				TARGETED_DEVICE_FAMILY = "1,2";
			};
			name = Debug;
		};
		B782B21A29114945007A3F86 /* Release */ = {
			isa = XCBuildConfiguration;
			buildSettings = {
				ASSETCATALOG_COMPILER_APPICON_NAME = AppIcon;
				ASSETCATALOG_COMPILER_GLOBAL_ACCENT_COLOR_NAME = AccentColor;
				CODE_SIGN_STYLE = Automatic;
				CURRENT_PROJECT_VERSION = 1;
				GENERATE_INFOPLIST_FILE = YES;
				INFOPLIST_FILE = wikiAnime/Info.plist;
				INFOPLIST_KEY_CFBundleDisplayName = "Wiki Anime";
				INFOPLIST_KEY_UIApplicationSupportsIndirectInputEvents = YES;
				INFOPLIST_KEY_UILaunchStoryboardName = LaunchScreen;
				INFOPLIST_KEY_UIMainStoryboardFile = Main;
				INFOPLIST_KEY_UISupportedInterfaceOrientations_iPad = "UIInterfaceOrientationPortrait UIInterfaceOrientationPortraitUpsideDown UIInterfaceOrientationLandscapeLeft UIInterfaceOrientationLandscapeRight";
				INFOPLIST_KEY_UISupportedInterfaceOrientations_iPhone = "UIInterfaceOrientationPortrait UIInterfaceOrientationLandscapeLeft UIInterfaceOrientationLandscapeRight";
				IPHONEOS_DEPLOYMENT_TARGET = 15.0;
				LD_RUNPATH_SEARCH_PATHS = (
					"$(inherited)",
					"@executable_path/Frameworks",
				);
				MARKETING_VERSION = 1.0;
				PRODUCT_BUNDLE_IDENTIFIER = com.sebas.wikiAnime;
				PRODUCT_NAME = "$(TARGET_NAME)";
				SWIFT_EMIT_LOC_STRINGS = YES;
				SWIFT_VERSION = 5.0;
				TARGETED_DEVICE_FAMILY = "1,2";
			};
			name = Release;
		};
/* End XCBuildConfiguration section */

/* Begin XCConfigurationList section */
		B782B1FF2911493F007A3F86 /* Build configuration list for PBXProject "wikiAnime" */ = {
			isa = XCConfigurationList;
			buildConfigurations = (
				B782B21629114945007A3F86 /* Debug */,
				B782B21729114945007A3F86 /* Release */,
			);
			defaultConfigurationIsVisible = 0;
			defaultConfigurationName = Release;
		};
		B782B21829114945007A3F86 /* Build configuration list for PBXNativeTarget "wikiAnime" */ = {
			isa = XCConfigurationList;
			buildConfigurations = (
				B782B21929114945007A3F86 /* Debug */,
				B782B21A29114945007A3F86 /* Release */,
			);
			defaultConfigurationIsVisible = 0;
			defaultConfigurationName = Release;
		};
/* End XCConfigurationList section */
	};
	rootObject = B782B1FC2911493F007A3F86 /* Project object */;
}
